
Microsoft Visual Studio Solution File, Format Version 12.00
# Visual Studio 15
VisualStudioVersion = 15.0.28307.329
MinimumVisualStudioVersion = 10.0.40219.1
Project("{FAE04EC0-301F-11D3-BF4B-00C04F79EFBC}") = "RunItInContainer", "RunItInContainer\RunItInContainer.csproj", "{D16F53B3-4B67-47C5-9F70-6CE4B9E0664E}"
EndProject
Global
	GlobalSection(SolutionConfigurationPlatforms) = preSolution
		Debug|Any CPU = Debug|Any CPU
		Release|Any CPU = Release|Any CPU
	EndGlobalSection
	GlobalSection(ProjectConfigurationPlatforms) = postSolution
		{D16F53B3-4B67-47C5-9F70-6CE4B9E0664E}.Debug|Any CPU.ActiveCfg = Debug|Any CPU
		{D16F53B3-4B67-47C5-9F70-6CE4B9E0664E}.Debug|Any CPU.Build.0 = Debug|Any CPU
		{D16F53B3-4B67-47C5-9F70-6CE4B9E0664E}.Release|Any CPU.ActiveCfg = Release|Any CPU
		{D16F53B3-4B67-47C5-9F70-6CE4B9E0664E}.Release|Any CPU.Build.0 = Release|Any CPU
	EndGlobalSection
	GlobalSection(SolutionProperties) = preSolution
		HideSolutionNode = FALSE
	EndGlobalSection
	GlobalSection(ExtensibilityGlobals) = postSolution
		SolutionGuid = {C3C3A179-59FB-4839-8460-744E9C3D82FF}
	EndGlobalSection
EndGlobal
